
Microsoft Visual Studio Solution File, Format Version 12.00
# Visual Studio Version 16
VisualStudioVersion = 16.0.30011.22
MinimumVisualStudioVersion = 10.0.40219.1
Project("{FAE04EC0-301F-11D3-BF4B-00C04F79EFBC}") = "MafCode", "MafCode\MafCode.csproj", "{901798D0-3B67-49D6-800A-0A9E640CD55E}"
EndProject
Global
	GlobalSection(SolutionConfigurationPlatforms) = preSolution
		Debug|Any CPU = Debug|Any CPU
		Release|Any CPU = Release|Any CPU
	EndGlobalSection
	GlobalSection(ProjectConfigurationPlatforms) = postSolution
		{901798D0-3B67-49D6-800A-0A9E640CD55E}.Debug|Any CPU.ActiveCfg = Debug|Any CPU
		{901798D0-3B67-49D6-800A-0A9E640CD55E}.Debug|Any CPU.Build.0 = Debug|Any CPU
		{901798D0-3B67-49D6-800A-0A9E640CD55E}.Release|Any CPU.ActiveCfg = Release|Any CPU
		{901798D0-3B67-49D6-800A-0A9E640CD55E}.Release|Any CPU.Build.0 = Release|Any CPU
	EndGlobalSection
	GlobalSection(SolutionProperties) = preSolution
		HideSolutionNode = FALSE
	EndGlobalSection
	GlobalSection(ExtensibilityGlobals) = postSolution
		SolutionGuid = {B1A8169E-09A4-4239-B30F-DC48D03F842F}
	EndGlobalSection
EndGlobal
